
Microsoft Visual Studio Solution File, Format Version 12.00
# Visual Studio Version 16
VisualStudioVersion = 16.0.30717.126
MinimumVisualStudioVersion = 10.0.40219.1
Project("{9A19103F-16F7-4668-BE54-9A1E7A4F7556}") = "Day01", "Day01\Day01.csproj", "{E8549215-161D-4ACB-8E37-8FF6F316E5B4}"
EndProject
Project("{6EC3EE1D-3C4E-46DD-8F32-0CC8E7565705}") = "Day01FSharp", "Day01FSharp\Day01FSharp.fsproj", "{1572C621-CB0A-47CD-A90D-EF382444BC6A}"
EndProject
Project("{9A19103F-16F7-4668-BE54-9A1E7A4F7556}") = "Day02", "Day02\Day02.csproj", "{7EB00574-EB78-44B8-8D37-5776770B13BA}"
EndProject
Project("{9A19103F-16F7-4668-BE54-9A1E7A4F7556}") = "Day03", "Day03\Day03.csproj", "{28385085-7FBD-463D-96DD-90F2BFCBBDA9}"
EndProject
Project("{9A19103F-16F7-4668-BE54-9A1E7A4F7556}") = "Day04", "Day04\Day04.csproj", "{3128B761-BF06-49FA-B20C-924A65242229}"
EndProject
Project("{9A19103F-16F7-4668-BE54-9A1E7A4F7556}") = "Day05", "Day05\Day05.csproj", "{24EA51A8-43AC-4713-BD96-7F6DC3093EF1}"
EndProject
Project("{9A19103F-16F7-4668-BE54-9A1E7A4F7556}") = "Day06", "Day06\Day06.csproj", "{E9D0AAB5-8B71-42FD-A2E3-D70FD62F3324}"
EndProject
Project("{9A19103F-16F7-4668-BE54-9A1E7A4F7556}") = "Day07", "Day07\Day07.csproj", "{362B6299-1A9F-48C2-A1C4-9591FF33D3F7}"
EndProject
Project("{9A19103F-16F7-4668-BE54-9A1E7A4F7556}") = "Day08", "Day08\Day08.csproj", "{8E76AB3F-3FC5-40F3-9C4C-57AF4468A9DA}"
EndProject
Project("{9A19103F-16F7-4668-BE54-9A1E7A4F7556}") = "Day09", "Day09\Day09.csproj", "{C091A19B-17C9-4337-8D7F-BA12779D6888}"
EndProject
Project("{9A19103F-16F7-4668-BE54-9A1E7A4F7556}") = "Day10", "Day10\Day10.csproj", "{47612288-DB90-4F37-9E93-8FDE9DA01325}"
EndProject
Project("{9A19103F-16F7-4668-BE54-9A1E7A4F7556}") = "Day11", "Day11\Day11.csproj", "{EAF05037-ED34-469B-84B5-67B243B356FE}"
EndProject
Project("{9A19103F-16F7-4668-BE54-9A1E7A4F7556}") = "Day12", "Day12\Day12.csproj", "{D1C40482-2713-47E7-A574-6C3F37292444}"
EndProject
Project("{9A19103F-16F7-4668-BE54-9A1E7A4F7556}") = "Day13", "Day13\Day13.csproj", "{7B1B9177-E731-4864-8532-B19524E6C3C2}"
EndProject
Project("{FAE04EC0-301F-11D3-BF4B-00C04F79EFBC}") = "Day14", "Day14\Day14.csproj", "{70FFBDAF-0792-4936-9C99-71E7F0EEE7F2}"
EndProject
Project("{FAE04EC0-301F-11D3-BF4B-00C04F79EFBC}") = "Day15", "Day15\Day15.csproj", "{BB911D2A-4AEA-4D36-BA0C-FA8CEE1CA174}"
EndProject
Global
	GlobalSection(SolutionConfigurationPlatforms) = preSolution
		Debug|Any CPU = Debug|Any CPU
		Release|Any CPU = Release|Any CPU
	EndGlobalSection
	GlobalSection(ProjectConfigurationPlatforms) = postSolution
		{E8549215-161D-4ACB-8E37-8FF6F316E5B4}.Debug|Any CPU.ActiveCfg = Debug|Any CPU
		{E8549215-161D-4ACB-8E37-8FF6F316E5B4}.Debug|Any CPU.Build.0 = Debug|Any CPU
		{E8549215-161D-4ACB-8E37-8FF6F316E5B4}.Release|Any CPU.ActiveCfg = Release|Any CPU
		{E8549215-161D-4ACB-8E37-8FF6F316E5B4}.Release|Any CPU.Build.0 = Release|Any CPU
		{1572C621-CB0A-47CD-A90D-EF382444BC6A}.Debug|Any CPU.ActiveCfg = Debug|Any CPU
		{1572C621-CB0A-47CD-A90D-EF382444BC6A}.Debug|Any CPU.Build.0 = Debug|Any CPU
		{1572C621-CB0A-47CD-A90D-EF382444BC6A}.Release|Any CPU.ActiveCfg = Release|Any CPU
		{1572C621-CB0A-47CD-A90D-EF382444BC6A}.Release|Any CPU.Build.0 = Release|Any CPU
		{7EB00574-EB78-44B8-8D37-5776770B13BA}.Debug|Any CPU.ActiveCfg = Debug|Any CPU
		{7EB00574-EB78-44B8-8D37-5776770B13BA}.Debug|Any CPU.Build.0 = Debug|Any CPU
		{7EB00574-EB78-44B8-8D37-5776770B13BA}.Release|Any CPU.ActiveCfg = Release|Any CPU
		{7EB00574-EB78-44B8-8D37-5776770B13BA}.Release|Any CPU.Build.0 = Release|Any CPU
		{28385085-7FBD-463D-96DD-90F2BFCBBDA9}.Debug|Any CPU.ActiveCfg = Debug|Any CPU
		{28385085-7FBD-463D-96DD-90F2BFCBBDA9}.Debug|Any CPU.Build.0 = Debug|Any CPU
		{28385085-7FBD-463D-96DD-90F2BFCBBDA9}.Release|Any CPU.ActiveCfg = Release|Any CPU
		{28385085-7FBD-463D-96DD-90F2BFCBBDA9}.Release|Any CPU.Build.0 = Release|Any CPU
		{3128B761-BF06-49FA-B20C-924A65242229}.Debug|Any CPU.ActiveCfg = Debug|Any CPU
		{3128B761-BF06-49FA-B20C-924A65242229}.Debug|Any CPU.Build.0 = Debug|Any CPU
		{3128B761-BF06-49FA-B20C-924A65242229}.Release|Any CPU.ActiveCfg = Release|Any CPU
		{3128B761-BF06-49FA-B20C-924A65242229}.Release|Any CPU.Build.0 = Release|Any CPU
		{24EA51A8-43AC-4713-BD96-7F6DC3093EF1}.Debug|Any CPU.ActiveCfg = Debug|Any CPU
		{24EA51A8-43AC-4713-BD96-7F6DC3093EF1}.Debug|Any CPU.Build.0 = Debug|Any CPU
		{24EA51A8-43AC-4713-BD96-7F6DC3093EF1}.Release|Any CPU.ActiveCfg = Release|Any CPU
		{24EA51A8-43AC-4713-BD96-7F6DC3093EF1}.Release|Any CPU.Build.0 = Release|Any CPU
		{E9D0AAB5-8B71-42FD-A2E3-D70FD62F3324}.Debug|Any CPU.ActiveCfg = Debug|Any CPU
		{E9D0AAB5-8B71-42FD-A2E3-D70FD62F3324}.Debug|Any CPU.Build.0 = Debug|Any CPU
		{E9D0AAB5-8B71-42FD-A2E3-D70FD62F3324}.Release|Any CPU.ActiveCfg = Release|Any CPU
		{E9D0AAB5-8B71-42FD-A2E3-D70FD62F3324}.Release|Any CPU.Build.0 = Release|Any CPU
		{362B6299-1A9F-48C2-A1C4-9591FF33D3F7}.Debug|Any CPU.ActiveCfg = Debug|Any CPU
		{362B6299-1A9F-48C2-A1C4-9591FF33D3F7}.Debug|Any CPU.Build.0 = Debug|Any CPU
		{362B6299-1A9F-48C2-A1C4-9591FF33D3F7}.Release|Any CPU.ActiveCfg = Release|Any CPU
		{362B6299-1A9F-48C2-A1C4-9591FF33D3F7}.Release|Any CPU.Build.0 = Release|Any CPU
		{8E76AB3F-3FC5-40F3-9C4C-57AF4468A9DA}.Debug|Any CPU.ActiveCfg = Debug|Any CPU
		{8E76AB3F-3FC5-40F3-9C4C-57AF4468A9DA}.Debug|Any CPU.Build.0 = Debug|Any CPU
		{8E76AB3F-3FC5-40F3-9C4C-57AF4468A9DA}.Release|Any CPU.ActiveCfg = Release|Any CPU
		{8E76AB3F-3FC5-40F3-9C4C-57AF4468A9DA}.Release|Any CPU.Build.0 = Release|Any CPU
		{C091A19B-17C9-4337-8D7F-BA12779D6888}.Debug|Any CPU.ActiveCfg = Debug|Any CPU
		{C091A19B-17C9-4337-8D7F-BA12779D6888}.Debug|Any CPU.Build.0 = Debug|Any CPU
		{C091A19B-17C9-4337-8D7F-BA12779D6888}.Release|Any CPU.ActiveCfg = Release|Any CPU
		{C091A19B-17C9-4337-8D7F-BA12779D6888}.Release|Any CPU.Build.0 = Release|Any CPU
		{47612288-DB90-4F37-9E93-8FDE9DA01325}.Debug|Any CPU.ActiveCfg = Debug|Any CPU
		{47612288-DB90-4F37-9E93-8FDE9DA01325}.Debug|Any CPU.Build.0 = Debug|Any CPU
		{47612288-DB90-4F37-9E93-8FDE9DA01325}.Release|Any CPU.ActiveCfg = Release|Any CPU
		{47612288-DB90-4F37-9E93-8FDE9DA01325}.Release|Any CPU.Build.0 = Release|Any CPU
		{EAF05037-ED34-469B-84B5-67B243B356FE}.Debug|Any CPU.ActiveCfg = Debug|Any CPU
		{EAF05037-ED34-469B-84B5-67B243B356FE}.Debug|Any CPU.Build.0 = Debug|Any CPU
		{EAF05037-ED34-469B-84B5-67B243B356FE}.Release|Any CPU.ActiveCfg = Release|Any CPU
		{EAF05037-ED34-469B-84B5-67B243B356FE}.Release|Any CPU.Build.0 = Release|Any CPU
		{D1C40482-2713-47E7-A574-6C3F37292444}.Debug|Any CPU.ActiveCfg = Debug|Any CPU
		{D1C40482-2713-47E7-A574-6C3F37292444}.Debug|Any CPU.Build.0 = Debug|Any CPU
		{D1C40482-2713-47E7-A574-6C3F37292444}.Release|Any CPU.ActiveCfg = Release|Any CPU
		{D1C40482-2713-47E7-A574-6C3F37292444}.Release|Any CPU.Build.0 = Release|Any CPU
		{7B1B9177-E731-4864-8532-B19524E6C3C2}.Debug|Any CPU.ActiveCfg = Debug|Any CPU
		{7B1B9177-E731-4864-8532-B19524E6C3C2}.Debug|Any CPU.Build.0 = Debug|Any CPU
		{7B1B9177-E731-4864-8532-B19524E6C3C2}.Release|Any CPU.ActiveCfg = Release|Any CPU
		{7B1B9177-E731-4864-8532-B19524E6C3C2}.Release|Any CPU.Build.0 = Release|Any CPU
		{70FFBDAF-0792-4936-9C99-71E7F0EEE7F2}.Debug|Any CPU.ActiveCfg = Debug|Any CPU
		{70FFBDAF-0792-4936-9C99-71E7F0EEE7F2}.Debug|Any CPU.Build.0 = Debug|Any CPU
		{70FFBDAF-0792-4936-9C99-71E7F0EEE7F2}.Release|Any CPU.ActiveCfg = Release|Any CPU
		{70FFBDAF-0792-4936-9C99-71E7F0EEE7F2}.Release|Any CPU.Build.0 = Release|Any CPU
		{BB911D2A-4AEA-4D36-BA0C-FA8CEE1CA174}.Debug|Any CPU.ActiveCfg = Debug|Any CPU
		{BB911D2A-4AEA-4D36-BA0C-FA8CEE1CA174}.Debug|Any CPU.Build.0 = Debug|Any CPU
		{BB911D2A-4AEA-4D36-BA0C-FA8CEE1CA174}.Release|Any CPU.ActiveCfg = Release|Any CPU
		{BB911D2A-4AEA-4D36-BA0C-FA8CEE1CA174}.Release|Any CPU.Build.0 = Release|Any CPU
	EndGlobalSection
	GlobalSection(SolutionProperties) = preSolution
		HideSolutionNode = FALSE
	EndGlobalSection
	GlobalSection(ExtensibilityGlobals) = postSolution
		SolutionGuid = {185FE950-2FBF-460B-BB65-DDEFF8E06DEC}
	EndGlobalSection
EndGlobal
